{
  "version": 4,
  "terraform_version": "1.6.6",
  "serial": 3659,
  "lineage": "c0cbd884-e38f-8bc5-a586-ff79e789f530",
  "outputs": {
    "lb_ipv4": {
      "value": "95.217.172.101",
      "type": "string"
    },
    "mariadb": {
      "value": "95.217.236.49",
      "type": "string"
    },
    "monitoring": {
      "value": "65.109.161.221",
      "type": "string"
    },
    "python_backend": {
      "value": "95.217.166.255",
      "type": "string"
    },
    "web_servers_ips": {
      "value": {
        "frontend-server-0": "95.217.134.88"
      },
      "type": [
        "object",
        {
          "frontend-server-0": "string"
        }
      ]
    },
    "web_servers_status": {
      "value": {
        "frontend-server-0": "running"
      },
      "type": [
        "object",
        {
          "frontend-server-0": "string"
        }
      ]
    }
  },
  "resources": [
    {
      "mode": "managed",
      "type": "hcloud_firewall",
      "name": "database",
      "provider": "provider[\"registry.terraform.io/hetznercloud/hcloud\"]",
      "instances": [
        {
          "schema_version": 0,
          "attributes": {
            "apply_to": [],
            "id": "1277722",
            "labels": {},
            "name": "database",
            "rule": [
              {
                "description": "",
                "destination_ips": [],
                "direction": "in",
                "port": "",
                "protocol": "icmp",
                "source_ips": [
                  "0.0.0.0/0",
                  "::/0"
                ]
              },
              {
                "description": "",
                "destination_ips": [],
                "direction": "in",
                "port": "22",
                "protocol": "tcp",
                "source_ips": [
                  "0.0.0.0/0",
                  "::/0"
                ]
              },
              {
                "description": "",
                "destination_ips": [],
                "direction": "in",
                "port": "3306",
                "protocol": "tcp",
                "source_ips": [
                  "0.0.0.0/0",
                  "::/0"
                ]
              },
              {
                "description": "",
                "destination_ips": [],
                "direction": "in",
                "port": "9093",
                "protocol": "tcp",
                "source_ips": [
                  "0.0.0.0/0",
                  "::/0"
                ]
              },
              {
                "description": "",
                "destination_ips": [],
                "direction": "in",
                "port": "9100",
                "protocol": "tcp",
                "source_ips": [
                  "0.0.0.0/0",
                  "::/0"
                ]
              }
            ]
          },
          "sensitive_attributes": [],
          "private": "bnVsbA=="
        }
      ]
    },
    {
      "mode": "managed",
      "type": "hcloud_firewall",
      "name": "grafana",
      "provider": "provider[\"registry.terraform.io/hetznercloud/hcloud\"]",
      "instances": [
        {
          "schema_version": 0,
          "attributes": {
            "apply_to": [],
            "id": "1277723",
            "labels": {},
            "name": "monitoring",
            "rule": [
              {
                "description": "",
                "destination_ips": [],
                "direction": "in",
                "port": "",
                "protocol": "icmp",
                "source_ips": [
                  "0.0.0.0/0",
                  "::/0"
                ]
              },
              {
                "description": "",
                "destination_ips": [],
                "direction": "in",
                "port": "22",
                "protocol": "tcp",
                "source_ips": [
                  "0.0.0.0/0",
                  "::/0"
                ]
              },
              {
                "description": "",
                "destination_ips": [],
                "direction": "in",
                "port": "3000",
                "protocol": "tcp",
                "source_ips": [
                  "0.0.0.0/0",
                  "::/0"
                ]
              },
              {
                "description": "",
                "destination_ips": [],
                "direction": "in",
                "port": "9090",
                "protocol": "tcp",
                "source_ips": [
                  "0.0.0.0/0",
                  "::/0"
                ]
              },
              {
                "description": "",
                "destination_ips": [],
                "direction": "in",
                "port": "9093",
                "protocol": "tcp",
                "source_ips": [
                  "0.0.0.0/0",
                  "::/0"
                ]
              },
              {
                "description": "",
                "destination_ips": [],
                "direction": "in",
                "port": "9100",
                "protocol": "tcp",
                "source_ips": [
                  "0.0.0.0/0",
                  "::/0"
                ]
              }
            ]
          },
          "sensitive_attributes": [],
          "private": "bnVsbA=="
        }
      ]
    },
    {
      "mode": "managed",
      "type": "hcloud_firewall",
      "name": "http",
      "provider": "provider[\"registry.terraform.io/hetznercloud/hcloud\"]",
      "instances": [
        {
          "schema_version": 0,
          "attributes": {
            "apply_to": [],
            "id": "1277721",
            "labels": {},
            "name": "frontend-server",
            "rule": [
              {
                "description": "",
                "destination_ips": [],
                "direction": "in",
                "port": "",
                "protocol": "icmp",
                "source_ips": [
                  "0.0.0.0/0",
                  "::/0"
                ]
              },
              {
                "description": "",
                "destination_ips": [],
                "direction": "in",
                "port": "22",
                "protocol": "tcp",
                "source_ips": [
                  "0.0.0.0/0",
                  "::/0"
                ]
              },
              {
                "description": "",
                "destination_ips": [],
                "direction": "in",
                "port": "80",
                "protocol": "tcp",
                "source_ips": [
                  "0.0.0.0/0",
                  "::/0"
                ]
              },
              {
                "description": "",
                "destination_ips": [],
                "direction": "in",
                "port": "9093",
                "protocol": "tcp",
                "source_ips": [
                  "0.0.0.0/0",
                  "::/0"
                ]
              },
              {
                "description": "",
                "destination_ips": [],
                "direction": "in",
                "port": "9100",
                "protocol": "tcp",
                "source_ips": [
                  "0.0.0.0/0",
                  "::/0"
                ]
              }
            ]
          },
          "sensitive_attributes": [],
          "private": "bnVsbA=="
        }
      ]
    },
    {
      "mode": "managed",
      "type": "hcloud_firewall",
      "name": "python",
      "provider": "provider[\"registry.terraform.io/hetznercloud/hcloud\"]",
      "instances": [
        {
          "schema_version": 0,
          "attributes": {
            "apply_to": [],
            "id": "1277720",
            "labels": {},
            "name": "backend-server",
            "rule": [
              {
                "description": "",
                "destination_ips": [],
                "direction": "in",
                "port": "",
                "protocol": "icmp",
                "source_ips": [
                  "0.0.0.0/0",
                  "::/0"
                ]
              },
              {
                "description": "",
                "destination_ips": [],
                "direction": "in",
                "port": "22",
                "protocol": "tcp",
                "source_ips": [
                  "0.0.0.0/0",
                  "::/0"
                ]
              },
              {
                "description": "",
                "destination_ips": [],
                "direction": "in",
                "port": "80",
                "protocol": "tcp",
                "source_ips": [
                  "0.0.0.0/0",
                  "::/0"
                ]
              },
              {
                "description": "",
                "destination_ips": [],
                "direction": "in",
                "port": "9093",
                "protocol": "tcp",
                "source_ips": [
                  "0.0.0.0/0",
                  "::/0"
                ]
              },
              {
                "description": "",
                "destination_ips": [],
                "direction": "in",
                "port": "9100",
                "protocol": "tcp",
                "source_ips": [
                  "0.0.0.0/0",
                  "::/0"
                ]
              }
            ]
          },
          "sensitive_attributes": [],
          "private": "bnVsbA=="
        }
      ]
    },
    {
      "mode": "managed",
      "type": "hcloud_load_balancer",
      "name": "web_lb",
      "provider": "provider[\"registry.terraform.io/hetznercloud/hcloud\"]",
      "instances": [
        {
          "schema_version": 0,
          "attributes": {
            "algorithm": [
              {
                "type": "round_robin"
              }
            ],
            "delete_protection": false,
            "id": "1723556",
            "ipv4": "95.217.172.101",
            "ipv6": "2a01:4f9:c01d:61a::1",
            "labels": {
              "type": "web"
            },
            "load_balancer_type": "lb11",
            "location": "hel1",
            "name": "web_lb",
            "network_id": null,
            "network_ip": null,
            "network_zone": "eu-central",
            "target": [
              {
                "server_id": 44072423,
                "type": "server",
                "use_private_ip": false
              }
            ]
          },
          "sensitive_attributes": [],
          "private": "bnVsbA==",
          "dependencies": [
            "hcloud_firewall.http",
            "hcloud_server.flutter",
            "hcloud_ssh_key.default"
          ]
        }
      ]
    },
    {
      "mode": "managed",
      "type": "hcloud_load_balancer_network",
      "name": "web_network",
      "provider": "provider[\"registry.terraform.io/hetznercloud/hcloud\"]",
      "instances": [
        {
          "schema_version": 0,
          "attributes": {
            "enable_public_interface": true,
            "id": "1723556-3948731",
            "ip": "10.0.0.8",
            "load_balancer_id": 1723556,
            "network_id": 3948731,
            "subnet_id": null
          },
          "sensitive_attributes": [],
          "private": "bnVsbA==",
          "dependencies": [
            "hcloud_firewall.http",
            "hcloud_load_balancer.web_lb",
            "hcloud_network.hc_private",
            "hcloud_server.flutter",
            "hcloud_ssh_key.default"
          ]
        }
      ]
    },
    {
      "mode": "managed",
      "type": "hcloud_load_balancer_service",
      "name": "web_lb_service",
      "provider": "provider[\"registry.terraform.io/hetznercloud/hcloud\"]",
      "instances": [
        {
          "schema_version": 0,
          "attributes": {
            "destination_port": 80,
            "health_check": [
              {
                "http": [
                  {
                    "domain": "",
                    "path": "/",
                    "response": "",
                    "status_codes": [
                      "2??",
                      "3??"
                    ],
                    "tls": false
                  }
                ],
                "interval": 10,
                "port": 80,
                "protocol": "http",
                "retries": 0,
                "timeout": 10
              }
            ],
            "http": [
              {
                "certificates": [],
                "cookie_lifetime": 300,
                "cookie_name": "HCLBSTICKY",
                "redirect_http": false,
                "sticky_sessions": false
              }
            ],
            "id": "1723556__80",
            "listen_port": 80,
            "load_balancer_id": "1723556",
            "protocol": "http",
            "proxyprotocol": false
          },
          "sensitive_attributes": [],
          "private": "bnVsbA==",
          "dependencies": [
            "hcloud_firewall.http",
            "hcloud_load_balancer.web_lb",
            "hcloud_server.flutter",
            "hcloud_ssh_key.default"
          ]
        }
      ]
    },
    {
      "mode": "managed",
      "type": "hcloud_network",
      "name": "hc_private",
      "provider": "provider[\"registry.terraform.io/hetznercloud/hcloud\"]",
      "instances": [
        {
          "schema_version": 0,
          "attributes": {
            "delete_protection": false,
            "expose_routes_to_vswitch": false,
            "id": "3948731",
            "ip_range": "10.0.0.0/24",
            "labels": null,
            "name": "hc_private"
          },
          "sensitive_attributes": [],
          "private": "bnVsbA=="
        }
      ]
    },
    {
      "mode": "managed",
      "type": "hcloud_network_subnet",
      "name": "hc_private_subnet",
      "provider": "provider[\"registry.terraform.io/hetznercloud/hcloud\"]",
      "instances": [
        {
          "schema_version": 0,
          "attributes": {
            "gateway": "10.0.0.1",
            "id": "3948731-10.0.0.0/24",
            "ip_range": "10.0.0.0/24",
            "network_id": 3948731,
            "network_zone": "eu-central",
            "type": "cloud",
            "vswitch_id": null
          },
          "sensitive_attributes": [],
          "private": "bnVsbA==",
          "dependencies": [
            "hcloud_network.hc_private"
          ]
        }
      ]
    },
    {
      "mode": "managed",
      "type": "hcloud_server",
      "name": "flutter",
      "provider": "provider[\"registry.terraform.io/hetznercloud/hcloud\"]",
      "instances": [
        {
          "index_key": 0,
          "schema_version": 0,
          "attributes": {
            "allow_deprecated_images": false,
            "backup_window": "",
            "backups": false,
            "datacenter": "hel1-dc2",
            "delete_protection": false,
            "firewall_ids": [
              1277721
            ],
            "id": "44072423",
            "ignore_remote_firewall_ids": false,
            "image": "ubuntu-22.04",
            "ipv4_address": "95.217.134.88",
            "ipv6_address": "2a01:4f9:c011:813c::1",
            "ipv6_network": "2a01:4f9:c011:813c::/64",
            "iso": null,
            "keep_disk": false,
            "labels": {
              "type": "flutter"
            },
            "location": "hel1",
            "name": "frontend-server-0",
            "network": [],
            "placement_group_id": null,
            "public_net": [],
            "rebuild_protection": false,
            "rescue": null,
            "server_type": "cax11",
            "shutdown_before_deletion": false,
            "ssh_keys": [
              "19823256"
            ],
            "status": "running",
            "timeouts": null,
            "user_data": "c/r4oII2uBNlYRxyZXjbuiQLMy0="
          },
          "sensitive_attributes": [],
          "private": "eyJlMmJmYjczMC1lY2FhLTExZTYtOGY4OC0zNDM2M2JjN2M0YzAiOnsiY3JlYXRlIjo1NDAwMDAwMDAwMDAwfX0=",
          "dependencies": [
            "hcloud_firewall.http",
            "hcloud_ssh_key.default"
          ]
        }
      ]
    },
    {
      "mode": "managed",
      "type": "hcloud_server",
      "name": "grafana",
      "provider": "provider[\"registry.terraform.io/hetznercloud/hcloud\"]",
      "instances": [
        {
          "schema_version": 0,
          "attributes": {
            "allow_deprecated_images": false,
            "backup_window": "",
            "backups": false,
            "datacenter": "hel1-dc2",
            "delete_protection": false,
            "firewall_ids": [
              1277723
            ],
            "id": "44072420",
            "ignore_remote_firewall_ids": false,
            "image": "ubuntu-22.04",
            "ipv4_address": "65.109.161.221",
            "ipv6_address": "2a01:4f9:c012:b990::1",
            "ipv6_network": "2a01:4f9:c012:b990::/64",
            "iso": null,
            "keep_disk": false,
            "labels": {
              "type": "monitoring-server"
            },
            "location": "hel1",
            "name": "monitoring-server",
            "network": [],
            "placement_group_id": null,
            "public_net": [],
            "rebuild_protection": false,
            "rescue": null,
            "server_type": "cax11",
            "shutdown_before_deletion": false,
            "ssh_keys": [
              "19823256"
            ],
            "status": "running",
            "timeouts": null,
            "user_data": "47yODH1AWAETKedqhTNz+ASQxjU="
          },
          "sensitive_attributes": [],
          "private": "eyJlMmJmYjczMC1lY2FhLTExZTYtOGY4OC0zNDM2M2JjN2M0YzAiOnsiY3JlYXRlIjo1NDAwMDAwMDAwMDAwfX0=",
          "dependencies": [
            "hcloud_firewall.grafana",
            "hcloud_ssh_key.default"
          ]
        }
      ]
    },
    {
      "mode": "managed",
      "type": "hcloud_server",
      "name": "mariadb",
      "provider": "provider[\"registry.terraform.io/hetznercloud/hcloud\"]",
      "instances": [
        {
          "schema_version": 0,
          "attributes": {
            "allow_deprecated_images": false,
            "backup_window": "",
            "backups": false,
            "datacenter": "hel1-dc2",
            "delete_protection": false,
            "firewall_ids": [
              1277722
            ],
            "id": "44072419",
            "ignore_remote_firewall_ids": false,
            "image": "ubuntu-22.04",
            "ipv4_address": "95.217.236.49",
            "ipv6_address": "2a01:4f9:c010:a23a::1",
            "ipv6_network": "2a01:4f9:c010:a23a::/64",
            "iso": null,
            "keep_disk": false,
            "labels": {
              "type": "mariadb"
            },
            "location": "hel1",
            "name": "database",
            "network": [],
            "placement_group_id": null,
            "public_net": [],
            "rebuild_protection": false,
            "rescue": null,
            "server_type": "cax11",
            "shutdown_before_deletion": false,
            "ssh_keys": [
              "19823256"
            ],
            "status": "running",
            "timeouts": null,
            "user_data": "Lm1xDhWhBzEBAptlzsB7KSnWT+Q="
          },
          "sensitive_attributes": [],
          "private": "eyJlMmJmYjczMC1lY2FhLTExZTYtOGY4OC0zNDM2M2JjN2M0YzAiOnsiY3JlYXRlIjo1NDAwMDAwMDAwMDAwfX0=",
          "dependencies": [
            "hcloud_firewall.database",
            "hcloud_ssh_key.default"
          ]
        }
      ]
    },
    {
      "mode": "managed",
      "type": "hcloud_server",
      "name": "python_backend",
      "provider": "provider[\"registry.terraform.io/hetznercloud/hcloud\"]",
      "instances": [
        {
          "schema_version": 0,
          "attributes": {
            "allow_deprecated_images": false,
            "backup_window": "",
            "backups": false,
            "datacenter": "hel1-dc2",
            "delete_protection": false,
            "firewall_ids": [
              1277720
            ],
            "id": "44072422",
            "ignore_remote_firewall_ids": false,
            "image": "ubuntu-22.04",
            "ipv4_address": "95.217.166.255",
            "ipv6_address": "2a01:4f9:c012:af22::1",
            "ipv6_network": "2a01:4f9:c012:af22::/64",
            "iso": null,
            "keep_disk": false,
            "labels": {
              "type": "python_backend"
            },
            "location": "hel1",
            "name": "backend-server",
            "network": [],
            "placement_group_id": null,
            "public_net": [],
            "rebuild_protection": false,
            "rescue": null,
            "server_type": "cax11",
            "shutdown_before_deletion": false,
            "ssh_keys": [
              "19823256"
            ],
            "status": "running",
            "timeouts": null,
            "user_data": "fQD02ubHfuVUkptmIoHOQ7rq5ws="
          },
          "sensitive_attributes": [],
          "private": "eyJlMmJmYjczMC1lY2FhLTExZTYtOGY4OC0zNDM2M2JjN2M0YzAiOnsiY3JlYXRlIjo1NDAwMDAwMDAwMDAwfX0=",
          "dependencies": [
            "hcloud_firewall.python",
            "hcloud_ssh_key.default"
          ]
        }
      ]
    },
    {
      "mode": "managed",
      "type": "hcloud_server_network",
      "name": "flutter",
      "provider": "provider[\"registry.terraform.io/hetznercloud/hcloud\"]",
      "instances": [
        {
          "index_key": 0,
          "schema_version": 0,
          "attributes": {
            "alias_ips": null,
            "id": "44072423-3948731",
            "ip": "10.0.0.5",
            "mac_address": "86:00:00:7b:98:9b",
            "network_id": null,
            "server_id": 44072423,
            "subnet_id": "3948731-10.0.0.0/24"
          },
          "sensitive_attributes": [],
          "private": "bnVsbA==",
          "dependencies": [
            "hcloud_firewall.http",
            "hcloud_network.hc_private",
            "hcloud_network_subnet.hc_private_subnet",
            "hcloud_server.flutter",
            "hcloud_ssh_key.default"
          ]
        }
      ]
    },
    {
      "mode": "managed",
      "type": "hcloud_server_network",
      "name": "grafana",
      "provider": "provider[\"registry.terraform.io/hetznercloud/hcloud\"]",
      "instances": [
        {
          "index_key": 0,
          "schema_version": 0,
          "attributes": {
            "alias_ips": null,
            "id": "44072420-3948731",
            "ip": "10.0.0.3",
            "mac_address": "86:00:00:7b:98:9c",
            "network_id": null,
            "server_id": 44072420,
            "subnet_id": "3948731-10.0.0.0/24"
          },
          "sensitive_attributes": [],
          "private": "bnVsbA==",
          "dependencies": [
            "hcloud_firewall.grafana",
            "hcloud_network.hc_private",
            "hcloud_network_subnet.hc_private_subnet",
            "hcloud_server.grafana",
            "hcloud_ssh_key.default"
          ]
        }
      ]
    },
    {
      "mode": "managed",
      "type": "hcloud_server_network",
      "name": "mariadb",
      "provider": "provider[\"registry.terraform.io/hetznercloud/hcloud\"]",
      "instances": [
        {
          "index_key": 0,
          "schema_version": 0,
          "attributes": {
            "alias_ips": null,
            "id": "44072419-3948731",
            "ip": "10.0.0.2",
            "mac_address": "86:00:00:7b:98:99",
            "network_id": null,
            "server_id": 44072419,
            "subnet_id": "3948731-10.0.0.0/24"
          },
          "sensitive_attributes": [],
          "private": "bnVsbA==",
          "dependencies": [
            "hcloud_firewall.database",
            "hcloud_network.hc_private",
            "hcloud_network_subnet.hc_private_subnet",
            "hcloud_server.mariadb",
            "hcloud_ssh_key.default"
          ]
        }
      ]
    },
    {
      "mode": "managed",
      "type": "hcloud_server_network",
      "name": "python_backend",
      "provider": "provider[\"registry.terraform.io/hetznercloud/hcloud\"]",
      "instances": [
        {
          "index_key": 0,
          "schema_version": 0,
          "attributes": {
            "alias_ips": null,
            "id": "44072422-3948731",
            "ip": "10.0.0.4",
            "mac_address": "86:00:00:7b:98:9a",
            "network_id": null,
            "server_id": 44072422,
            "subnet_id": "3948731-10.0.0.0/24"
          },
          "sensitive_attributes": [],
          "private": "bnVsbA==",
          "dependencies": [
            "hcloud_firewall.python",
            "hcloud_network.hc_private",
            "hcloud_network_subnet.hc_private_subnet",
            "hcloud_server.python_backend",
            "hcloud_ssh_key.default"
          ]
        }
      ]
    },
    {
      "mode": "managed",
      "type": "hcloud_ssh_key",
      "name": "default",
      "provider": "provider[\"registry.terraform.io/hetznercloud/hcloud\"]",
      "instances": [
        {
          "schema_version": 0,
          "attributes": {
            "fingerprint": "6c:7f:2c:bd:7d:71:cd:89:fd:cb:83:e4:b3:2c:ce:d6",
            "id": "19823256",
            "labels": null,
            "name": "hetzner_key",
            "public_key": "ssh-ed25519 AAAAC3NzaC1lZDI1NTE5AAAAIBhwpoRosPVZRWo0LBJTvn5Gdu0EfaJpiblHIvsCdWdQ root@RSPLLT466\n"
          },
          "sensitive_attributes": [],
          "private": "bnVsbA=="
        }
      ]
    },
    {
      "mode": "managed",
      "type": "hcloud_volume",
      "name": "web_server_volume",
      "provider": "provider[\"registry.terraform.io/hetznercloud/hcloud\"]",
      "instances": [
        {
          "schema_version": 0,
          "attributes": {
            "automount": true,
            "delete_protection": false,
            "format": "ext4",
            "id": "100427222",
            "labels": null,
            "linux_device": "/dev/disk/by-id/scsi-0HC_Volume_100427222",
            "location": "hel1",
            "name": "mariadb-volume",
            "server_id": 44072419,
            "size": 20
          },
          "sensitive_attributes": [],
          "private": "bnVsbA==",
          "dependencies": [
            "hcloud_firewall.database",
            "hcloud_server.mariadb",
            "hcloud_ssh_key.default"
          ]
        }
      ]
    }
  ],
  "check_results": null
}
